{
  "name": "mocha-should-istanbul",
  "version": "1.0.0",
  "lockfileVersion": 1,
  "requires": true,
  "dependencies": {
    "@ungap/promise-all-settled": {
      "version": "1.1.2",
      "resolved": "https://registry.npm.taobao.org/@ungap/promise-all-settled/download/@ungap/promise-all-settled-1.1.2.tgz",
      "integrity": "sha1-qlgEJxHW4ydd033Fl+XTHowpCkQ="
    },
    "abbrev": {
      "version": "1.0.9",
      "resolved": "https://registry.npm.taobao.org/abbrev/download/abbrev-1.0.9.tgz",
      "integrity": "sha1-kbR5JYinc4wl813W9jdSovh3YTU="
    },
    "amdefine": {
      "version": "1.0.1",
      "resolved": "https://registry.npm.taobao.org/amdefine/download/amdefine-1.0.1.tgz",
      "integrity": "sha1-SlKCrBZHKek2Gbz9OtFR+BfOkfU=",
      "optional": true
    },
    "ansi-colors": {
      "version": "4.1.1",
      "resolved": "https://registry.npm.taobao.org/ansi-colors/download/ansi-colors-4.1.1.tgz",
      "integrity": "sha1-y7muJWv3UK8eqzRPIpqif+lLo0g="
    },
    "ansi-regex": {
      "version": "3.0.0",
      "resolved": "https://registry.npm.taobao.org/ansi-regex/download/ansi-regex-3.0.0.tgz",
      "integrity": "sha1-7QMXwyIGT3lGbAKWa922Bas32Zg="
    },
    "ansi-styles": {
      "version": "4.3.0",
      "resolved": "https://registry.npm.taobao.org/ansi-styles/download/ansi-styles-4.3.0.tgz",
      "integrity": "sha1-7dgDYornHATIWuegkG7a00tkiTc=",
      "requires": {
        "color-convert": "^2.0.1"
      }
    },
    "anymatch": {
      "version": "3.1.2",
      "resolved": "https://registry.npm.taobao.org/anymatch/download/anymatch-3.1.2.tgz?cache=0&sync_timestamp=1617747502795&other_urls=https%3A%2F%2Fregistry.npm.taobao.org%2Fanymatch%2Fdownload%2Fanymatch-3.1.2.tgz",
      "integrity": "sha1-wFV8CWrzLxBhmPT04qODU343hxY=",
      "requires": {
        "normalize-path": "^3.0.0",
        "picomatch": "^2.0.4"
      }
    },
    "argparse": {
      "version": "1.0.10",
      "resolved": "https://registry.npm.taobao.org/argparse/download/argparse-1.0.10.tgz",
      "integrity": "sha1-vNZ5HqWuCXJeF+WtmIE0zUCz2RE=",
      "requires": {
        "sprintf-js": "~1.0.2"
      }
    },
    "async": {
      "version": "1.5.2",
      "resolved": "https://registry.npm.taobao.org/async/download/async-1.5.2.tgz",
      "integrity": "sha1-7GphrlZIDAw8skHJVhjiCJL5Zyo="
    },
    "balanced-match": {
      "version": "1.0.2",
      "resolved": "https://registry.npm.taobao.org/balanced-match/download/balanced-match-1.0.2.tgz?cache=0&sync_timestamp=1617714298273&other_urls=https%3A%2F%2Fregistry.npm.taobao.org%2Fbalanced-match%2Fdownload%2Fbalanced-match-1.0.2.tgz",
      "integrity": "sha1-6D46fj8wCzTLnYf2FfoMvzV2kO4="
    },
    "binary-extensions": {
      "version": "2.2.0",
      "resolved": "https://registry.npm.taobao.org/binary-extensions/download/binary-extensions-2.2.0.tgz?cache=0&sync_timestamp=1610299322955&other_urls=https%3A%2F%2Fregistry.npm.taobao.org%2Fbinary-extensions%2Fdownload%2Fbinary-extensions-2.2.0.tgz",
      "integrity": "sha1-dfUC7q+f/eQvyYgpZFvk6na9ni0="
    },
    "brace-expansion": {
      "version": "1.1.11",
      "resolved": "https://registry.npm.taobao.org/brace-expansion/download/brace-expansion-1.1.11.tgz",
      "integrity": "sha1-PH/L9SnYcibz0vUrlm/1Jx60Qd0=",
      "requires": {
        "balanced-match": "^1.0.0",
        "concat-map": "0.0.1"
      }
    },
    "braces": {
      "version": "3.0.2",
      "resolved": "https://registry.npm.taobao.org/braces/download/braces-3.0.2.tgz",
      "integrity": "sha1-NFThpGLujVmeI23zNs2epPiv4Qc=",
      "requires": {
        "fill-range": "^7.0.1"
      }
    },
    "browser-stdout": {
      "version": "1.3.1",
      "resolved": "https://registry.npm.taobao.org/browser-stdout/download/browser-stdout-1.3.1.tgz",
      "integrity": "sha1-uqVZ7hTO1zRSIputcyZGfGH6vWA="
    },
    "camelcase": {
      "version": "6.2.0",
      "resolved": "https://registry.npm.taobao.org/camelcase/download/camelcase-6.2.0.tgz?cache=0&sync_timestamp=1603921799543&other_urls=https%3A%2F%2Fregistry.npm.taobao.org%2Fcamelcase%2Fdownload%2Fcamelcase-6.2.0.tgz",
      "integrity": "sha1-kkr4gcnVJaydh/QNlk5c6pgqGAk="
    },
    "chalk": {
      "version": "4.1.0",
      "resolved": "https://registry.npm.taobao.org/chalk/download/chalk-4.1.0.tgz?cache=0&sync_timestamp=1594334924907&other_urls=https%3A%2F%2Fregistry.npm.taobao.org%2Fchalk%2Fdownload%2Fchalk-4.1.0.tgz",
      "integrity": "sha1-ThSHCmGNni7dl92DRf2dncMVZGo=",
      "requires": {
        "ansi-styles": "^4.1.0",
        "supports-color": "^7.1.0"
      },
      "dependencies": {
        "has-flag": {
          "version": "4.0.0",
          "resolved": "https://registry.npm.taobao.org/has-flag/download/has-flag-4.0.0.tgz",
          "integrity": "sha1-lEdx/ZyByBJlxNaUGGDaBrtZR5s="
        },
        "supports-color": {
          "version": "7.2.0",
          "resolved": "https://registry.npm.taobao.org/supports-color/download/supports-color-7.2.0.tgz?cache=0&sync_timestamp=1611394043517&other_urls=https%3A%2F%2Fregistry.npm.taobao.org%2Fsupports-color%2Fdownload%2Fsupports-color-7.2.0.tgz",
          "integrity": "sha1-G33NyzK4E4gBs+R4umpRyqiWSNo=",
          "requires": {
            "has-flag": "^4.0.0"
          }
        }
      }
    },
    "chokidar": {
      "version": "3.5.1",
      "resolved": "https://registry.npm.taobao.org/chokidar/download/chokidar-3.5.1.tgz?cache=0&sync_timestamp=1610719380575&other_urls=https%3A%2F%2Fregistry.npm.taobao.org%2Fchokidar%2Fdownload%2Fchokidar-3.5.1.tgz",
      "integrity": "sha1-7pznu+vSt59J8wR5nVRo4x4U5oo=",
      "requires": {
        "anymatch": "~3.1.1",
        "braces": "~3.0.2",
        "fsevents": "~2.3.1",
        "glob-parent": "~5.1.0",
        "is-binary-path": "~2.1.0",
        "is-glob": "~4.0.1",
        "normalize-path": "~3.0.0",
        "readdirp": "~3.5.0"
      }
    },
    "cliui": {
      "version": "7.0.4",
      "resolved": "https://registry.npm.taobao.org/cliui/download/cliui-7.0.4.tgz?cache=0&sync_timestamp=1604880017635&other_urls=https%3A%2F%2Fregistry.npm.taobao.org%2Fcliui%2Fdownload%2Fcliui-7.0.4.tgz",
      "integrity": "sha1-oCZe5lVHb8gHrqnfPfjfd4OAi08=",
      "requires": {
        "string-width": "^4.2.0",
        "strip-ansi": "^6.0.0",
        "wrap-ansi": "^7.0.0"
      },
      "dependencies": {
        "ansi-regex": {
          "version": "5.0.0",
          "resolved": "https://registry.npm.taobao.org/ansi-regex/download/ansi-regex-5.0.0.tgz",
          "integrity": "sha1-OIU59VF5vzkznIGvMKZU1p+Hy3U="
        },
        "is-fullwidth-code-point": {
          "version": "3.0.0",
          "resolved": "https://registry.npm.taobao.org/is-fullwidth-code-point/download/is-fullwidth-code-point-3.0.0.tgz",
          "integrity": "sha1-8Rb4Bk/pCz94RKOJl8C3UFEmnx0="
        },
        "string-width": {
          "version": "4.2.2",
          "resolved": "https://registry.npm.taobao.org/string-width/download/string-width-4.2.2.tgz?cache=0&sync_timestamp=1614522217971&other_urls=https%3A%2F%2Fregistry.npm.taobao.org%2Fstring-width%2Fdownload%2Fstring-width-4.2.2.tgz",
          "integrity": "sha1-2v1PlVmnWFz7pSnGoKT3NIjr1MU=",
          "requires": {
            "emoji-regex": "^8.0.0",
            "is-fullwidth-code-point": "^3.0.0",
            "strip-ansi": "^6.0.0"
          }
        },
        "strip-ansi": {
          "version": "6.0.0",
          "resolved": "https://registry.npm.taobao.org/strip-ansi/download/strip-ansi-6.0.0.tgz",
          "integrity": "sha1-CxVx3XZpzNTz4G4U7x7tJiJa5TI=",
          "requires": {
            "ansi-regex": "^5.0.0"
          }
        }
      }
    },
    "color-convert": {
      "version": "2.0.1",
      "resolved": "https://registry.npm.taobao.org/color-convert/download/color-convert-2.0.1.tgz",
      "integrity": "sha1-ctOmjVmMm9s68q0ehPIdiWq9TeM=",
      "requires": {
        "color-name": "~1.1.4"
      }
    },
    "color-name": {
      "version": "1.1.4",
      "resolved": "https://registry.npm.taobao.org/color-name/download/color-name-1.1.4.tgz",
      "integrity": "sha1-wqCah6y95pVD3m9j+jmVyCbFNqI="
    },
    "concat-map": {
      "version": "0.0.1",
      "resolved": "https://registry.npm.taobao.org/concat-map/download/concat-map-0.0.1.tgz",
      "integrity": "sha1-2Klr13/Wjfd5OnMDajug1UBdR3s="
    },
    "debug": {
      "version": "4.3.1",
      "resolved": "https://registry.npm.taobao.org/debug/download/debug-4.3.1.tgz?cache=0&sync_timestamp=1607566551397&other_urls=https%3A%2F%2Fregistry.npm.taobao.org%2Fdebug%2Fdownload%2Fdebug-4.3.1.tgz",
      "integrity": "sha1-8NIpxQXgxtjEmsVT0bE9wYP2su4=",
      "requires": {
        "ms": "2.1.2"
      },
      "dependencies": {
        "ms": {
          "version": "2.1.2",
          "resolved": "https://registry.npm.taobao.org/ms/download/ms-2.1.2.tgz?cache=0&sync_timestamp=1607433856030&other_urls=https%3A%2F%2Fregistry.npm.taobao.org%2Fms%2Fdownload%2Fms-2.1.2.tgz",
          "integrity": "sha1-0J0fNXtEP0kzgqjrPM0YOHKuYAk="
        }
      }
    },
    "decamelize": {
      "version": "4.0.0",
      "resolved": "https://registry.npm.taobao.org/decamelize/download/decamelize-4.0.0.tgz?cache=0&sync_timestamp=1610348638646&other_urls=https%3A%2F%2Fregistry.npm.taobao.org%2Fdecamelize%2Fdownload%2Fdecamelize-4.0.0.tgz",
      "integrity": "sha1-qkcte/Zg6xXzSU79UxyrfypwmDc="
    },
    "deep-is": {
      "version": "0.1.3",
      "resolved": "https://registry.npm.taobao.org/deep-is/download/deep-is-0.1.3.tgz",
      "integrity": "sha1-s2nW+128E+7PUk+RsHD+7cNXzzQ="
    },
    "diff": {
      "version": "5.0.0",
      "resolved": "https://registry.npm.taobao.org/diff/download/diff-5.0.0.tgz",
      "integrity": "sha1-ftatdthZ0DB4fsNYVfWx2vMdhSs="
    },
    "emoji-regex": {
      "version": "8.0.0",
      "resolved": "https://registry.npm.taobao.org/emoji-regex/download/emoji-regex-8.0.0.tgz?cache=0&sync_timestamp=1614682725186&other_urls=https%3A%2F%2Fregistry.npm.taobao.org%2Femoji-regex%2Fdownload%2Femoji-regex-8.0.0.tgz",
      "integrity": "sha1-6Bj9ac5cz8tARZT4QpY79TFkzDc="
    },
    "escalade": {
      "version": "3.1.1",
      "resolved": "https://registry.npm.taobao.org/escalade/download/escalade-3.1.1.tgz?cache=0&sync_timestamp=1602567261690&other_urls=https%3A%2F%2Fregistry.npm.taobao.org%2Fescalade%2Fdownload%2Fescalade-3.1.1.tgz",
      "integrity": "sha1-2M/ccACWXFoBdLSoLqpcBVJ0LkA="
    },
    "escape-string-regexp": {
      "version": "4.0.0",
      "resolved": "https://registry.npm.taobao.org/escape-string-regexp/download/escape-string-regexp-4.0.0.tgz",
      "integrity": "sha1-FLqDpdNz49MR5a/KKc9b+tllvzQ="
    },
    "escodegen": {
      "version": "1.8.1",
      "resolved": "https://registry.npm.taobao.org/escodegen/download/escodegen-1.8.1.tgz",
      "integrity": "sha1-WltTr0aTEQvrsIZ6o0MN07cKEBg=",
      "requires": {
        "esprima": "^2.7.1",
        "estraverse": "^1.9.1",
        "esutils": "^2.0.2",
        "optionator": "^0.8.1",
        "source-map": "~0.2.0"
      }
    },
    "esprima": {
      "version": "2.7.3",
      "resolved": "https://registry.npm.taobao.org/esprima/download/esprima-2.7.3.tgz",
      "integrity": "sha1-luO3DVd59q1JzQMmc9HDEnZ7pYE="
    },
    "estraverse": {
      "version": "1.9.3",
      "resolved": "https://registry.npm.taobao.org/estraverse/download/estraverse-1.9.3.tgz",
      "integrity": "sha1-r2fy3JIlgkFZUJJgkaQAXSnJu0Q="
    },
    "esutils": {
      "version": "2.0.3",
      "resolved": "https://registry.npm.taobao.org/esutils/download/esutils-2.0.3.tgz",
      "integrity": "sha1-dNLrTeC42hKTcRkQ1Qd1ubcQ72Q="
    },
    "fast-levenshtein": {
      "version": "2.0.6",
      "resolved": "https://registry.npm.taobao.org/fast-levenshtein/download/fast-levenshtein-2.0.6.tgz?cache=0&sync_timestamp=1595428000133&other_urls=https%3A%2F%2Fregistry.npm.taobao.org%2Ffast-levenshtein%2Fdownload%2Ffast-levenshtein-2.0.6.tgz",
      "integrity": "sha1-PYpcZog6FqMMqGQ+hR8Zuqd5eRc="
    },
    "fill-range": {
      "version": "7.0.1",
      "resolved": "https://registry.npm.taobao.org/fill-range/download/fill-range-7.0.1.tgz",
      "integrity": "sha1-GRmmp8df44ssfHflGYU12prN2kA=",
      "requires": {
        "to-regex-range": "^5.0.1"
      }
    },
    "find-up": {
      "version": "5.0.0",
      "resolved": "https://registry.npm.taobao.org/find-up/download/find-up-5.0.0.tgz",
      "integrity": "sha1-TJKBnstwg1YeT0okCoa+UZj1Nvw=",
      "requires": {
        "locate-path": "^6.0.0",
        "path-exists": "^4.0.0"
      }
    },
    "flat": {
      "version": "5.0.2",
      "resolved": "https://registry.npm.taobao.org/flat/download/flat-5.0.2.tgz",
      "integrity": "sha1-jKb+MyBp/6nTJMMnGYxZglnOskE="
    },
    "fs.realpath": {
      "version": "1.0.0",
      "resolved": "https://registry.npm.taobao.org/fs.realpath/download/fs.realpath-1.0.0.tgz",
      "integrity": "sha1-FQStJSMVjKpA20onh8sBQRmU6k8="
    },
    "fsevents": {
      "version": "2.3.2",
      "resolved": "https://registry.npm.taobao.org/fsevents/download/fsevents-2.3.2.tgz",
      "integrity": "sha1-ilJveLj99GI7cJ4Ll1xSwkwC/Ro=",
      "optional": true
    },
    "get-caller-file": {
      "version": "2.0.5",
      "resolved": "https://registry.npm.taobao.org/get-caller-file/download/get-caller-file-2.0.5.tgz",
      "integrity": "sha1-T5RBKoLbMvNuOwuXQfipf+sDH34="
    },
    "glob": {
      "version": "5.0.15",
      "resolved": "https://registry.npm.taobao.org/glob/download/glob-5.0.15.tgz",
      "integrity": "sha1-G8k2ueAvSmA/zCIuz3Yz0wuLk7E=",
      "requires": {
        "inflight": "^1.0.4",
        "inherits": "2",
        "minimatch": "2 || 3",
        "once": "^1.3.0",
        "path-is-absolute": "^1.0.0"
      }
    },
    "glob-parent": {
      "version": "5.1.2",
      "resolved": "https://registry.npm.taobao.org/glob-parent/download/glob-parent-5.1.2.tgz",
      "integrity": "sha1-hpgyxYA0/mikCTwX3BXoNA2EAcQ=",
      "requires": {
        "is-glob": "^4.0.1"
      }
    },
    "growl": {
      "version": "1.10.5",
      "resolved": "https://registry.npm.taobao.org/growl/download/growl-1.10.5.tgz",
      "integrity": "sha1-8nNdwig2dPpnR4sQGBBZNVw2nl4="
    },
    "handlebars": {
      "version": "4.7.7",
      "resolved": "https://registry.npm.taobao.org/handlebars/download/handlebars-4.7.7.tgz?cache=0&sync_timestamp=1613385425252&other_urls=https%3A%2F%2Fregistry.npm.taobao.org%2Fhandlebars%2Fdownload%2Fhandlebars-4.7.7.tgz",
      "integrity": "sha1-nOM0FqrQLb1sj6+oJA1dmABJRaE=",
      "requires": {
        "minimist": "^1.2.5",
        "neo-async": "^2.6.0",
        "source-map": "^0.6.1",
        "uglify-js": "^3.1.4",
        "wordwrap": "^1.0.0"
      },
      "dependencies": {
        "source-map": {
          "version": "0.6.1",
          "resolved": "https://registry.npm.taobao.org/source-map/download/source-map-0.6.1.tgz",
          "integrity": "sha1-dHIq8y6WFOnCh6jQu95IteLxomM="
        }
      }
    },
    "has-flag": {
      "version": "1.0.0",
      "resolved": "https://registry.npm.taobao.org/has-flag/download/has-flag-1.0.0.tgz",
      "integrity": "sha1-nZ55MWXOAXoA8AQYxD+UKnsdEfo="
    },
    "he": {
      "version": "1.2.0",
      "resolved": "https://registry.npm.taobao.org/he/download/he-1.2.0.tgz",
      "integrity": "sha1-hK5l+n6vsWX922FWauFLrwVmTw8="
    },
    "inflight": {
      "version": "1.0.6",
      "resolved": "https://registry.npm.taobao.org/inflight/download/inflight-1.0.6.tgz",
      "integrity": "sha1-Sb1jMdfQLQwJvJEKEHW6gWW1bfk=",
      "requires": {
        "once": "^1.3.0",
        "wrappy": "1"
      }
    },
    "inherits": {
      "version": "2.0.4",
      "resolved": "https://registry.npm.taobao.org/inherits/download/inherits-2.0.4.tgz",
      "integrity": "sha1-D6LGT5MpF8NDOg3tVTY6rjdBa3w="
    },
    "is-binary-path": {
      "version": "2.1.0",
      "resolved": "https://registry.npm.taobao.org/is-binary-path/download/is-binary-path-2.1.0.tgz",
      "integrity": "sha1-6h9/O4DwZCNug0cPhsCcJU+0Wwk=",
      "requires": {
        "binary-extensions": "^2.0.0"
      }
    },
    "is-extglob": {
      "version": "2.1.1",
      "resolved": "https://registry.npm.taobao.org/is-extglob/download/is-extglob-2.1.1.tgz",
      "integrity": "sha1-qIwCU1eR8C7TfHahueqXc8gz+MI="
    },
    "is-fullwidth-code-point": {
      "version": "2.0.0",
      "resolved": "https://registry.npm.taobao.org/is-fullwidth-code-point/download/is-fullwidth-code-point-2.0.0.tgz",
      "integrity": "sha1-o7MKXE8ZkYMWeqq5O+764937ZU8="
    },
    "is-glob": {
      "version": "4.0.1",
      "resolved": "https://registry.npm.taobao.org/is-glob/download/is-glob-4.0.1.tgz",
      "integrity": "sha1-dWfb6fL14kZ7x3q4PEopSCQHpdw=",
      "requires": {
        "is-extglob": "^2.1.1"
      }
    },
    "is-number": {
      "version": "7.0.0",
      "resolved": "https://registry.npm.taobao.org/is-number/download/is-number-7.0.0.tgz",
      "integrity": "sha1-dTU0W4lnNNX4DE0GxQlVUnoU8Ss="
    },
    "is-plain-obj": {
      "version": "2.1.0",
      "resolved": "https://registry.npm.taobao.org/is-plain-obj/download/is-plain-obj-2.1.0.tgz?cache=0&sync_timestamp=1602541485176&other_urls=https%3A%2F%2Fregistry.npm.taobao.org%2Fis-plain-obj%2Fdownload%2Fis-plain-obj-2.1.0.tgz",
      "integrity": "sha1-ReQuN/zPH0Dajl927iFRWEDAkoc="
    },
    "isexe": {
      "version": "2.0.0",
      "resolved": "https://registry.npm.taobao.org/isexe/download/isexe-2.0.0.tgz",
      "integrity": "sha1-6PvzdNxVb/iUehDcsFctYz8s+hA="
    },
    "istanbul": {
      "version": "0.4.5",
      "resolved": "https://registry.npm.taobao.org/istanbul/download/istanbul-0.4.5.tgz",
      "integrity": "sha1-ZcfXPUxNqE1POsMQuRj7C4Azczs=",
      "requires": {
        "abbrev": "1.0.x",
        "async": "1.x",
        "escodegen": "1.8.x",
        "esprima": "2.7.x",
        "glob": "^5.0.15",
        "handlebars": "^4.0.1",
        "js-yaml": "3.x",
        "mkdirp": "0.5.x",
        "nopt": "3.x",
        "once": "1.x",
        "resolve": "1.1.x",
        "supports-color": "^3.1.0",
        "which": "^1.1.1",
        "wordwrap": "^1.0.0"
      }
    },
    "js-yaml": {
      "version": "3.14.1",
      "resolved": "https://registry.npm.taobao.org/js-yaml/download/js-yaml-3.14.1.tgz?cache=0&sync_timestamp=1609680068452&other_urls=https%3A%2F%2Fregistry.npm.taobao.org%2Fjs-yaml%2Fdownload%2Fjs-yaml-3.14.1.tgz",
      "integrity": "sha1-2ugS/bOCX6MGYJqHFzg8UMNqBTc=",
      "requires": {
        "argparse": "^1.0.7",
        "esprima": "^4.0.0"
      },
      "dependencies": {
        "esprima": {
          "version": "4.0.1",
          "resolved": "https://registry.npm.taobao.org/esprima/download/esprima-4.0.1.tgz",
          "integrity": "sha1-E7BM2z5sXRnfkatph6hpVhmwqnE="
        }
      }
    },
    "levn": {
      "version": "0.3.0",
      "resolved": "https://registry.npm.taobao.org/levn/download/levn-0.3.0.tgz",
      "integrity": "sha1-OwmSTt+fCDwEkP3UwLxEIeBHZO4=",
      "requires": {
        "prelude-ls": "~1.1.2",
        "type-check": "~0.3.2"
      }
    },
    "locate-path": {
      "version": "6.0.0",
      "resolved": "https://registry.npm.taobao.org/locate-path/download/locate-path-6.0.0.tgz",
      "integrity": "sha1-VTIeswn+u8WcSAHZMackUqaB0oY=",
      "requires": {
        "p-locate": "^5.0.0"
      }
    },
    "log-symbols": {
      "version": "4.0.0",
      "resolved": "https://registry.npm.taobao.org/log-symbols/download/log-symbols-4.0.0.tgz",
      "integrity": "sha1-abPMRtIPRI7M23XqH6cz2eghySA=",
      "requires": {
        "chalk": "^4.0.0"
      }
    },
    "minimatch": {
      "version": "3.0.4",
      "resolved": "https://registry.npm.taobao.org/minimatch/download/minimatch-3.0.4.tgz",
      "integrity": "sha1-UWbihkV/AzBgZL5Ul+jbsMPTIIM=",
      "requires": {
        "brace-expansion": "^1.1.7"
      }
    },
    "minimist": {
      "version": "1.2.5",
      "resolved": "https://registry.npm.taobao.org/minimist/download/minimist-1.2.5.tgz?cache=0&sync_timestamp=1602337228360&other_urls=https%3A%2F%2Fregistry.npm.taobao.org%2Fminimist%2Fdownload%2Fminimist-1.2.5.tgz",
      "integrity": "sha1-Z9ZgFLZqaoqqDAg8X9WN9OTpdgI="
    },
    "mkdirp": {
      "version": "0.5.5",
      "resolved": "https://registry.npm.taobao.org/mkdirp/download/mkdirp-0.5.5.tgz",
      "integrity": "sha1-2Rzv1i0UNsoPQWIOJRKI1CAJne8=",
      "requires": {
        "minimist": "^1.2.5"
      }
    },
    "mocha": {
      "version": "8.3.2",
      "resolved": "https://registry.npm.taobao.org/mocha/download/mocha-8.3.2.tgz?cache=0&sync_timestamp=1615537715736&other_urls=https%3A%2F%2Fregistry.npm.taobao.org%2Fmocha%2Fdownload%2Fmocha-8.3.2.tgz",
      "integrity": "sha1-U0BvGV+ob73r5x+LHG+yMiHWn8w=",
      "requires": {
        "@ungap/promise-all-settled": "1.1.2",
        "ansi-colors": "4.1.1",
        "browser-stdout": "1.3.1",
        "chokidar": "3.5.1",
        "debug": "4.3.1",
        "diff": "5.0.0",
        "escape-string-regexp": "4.0.0",
        "find-up": "5.0.0",
        "glob": "7.1.6",
        "growl": "1.10.5",
        "he": "1.2.0",
        "js-yaml": "4.0.0",
        "log-symbols": "4.0.0",
        "minimatch": "3.0.4",
        "ms": "2.1.3",
        "nanoid": "3.1.20",
        "serialize-javascript": "5.0.1",
        "strip-json-comments": "3.1.1",
        "supports-color": "8.1.1",
        "which": "2.0.2",
        "wide-align": "1.1.3",
        "workerpool": "6.1.0",
        "yargs": "16.2.0",
        "yargs-parser": "20.2.4",
        "yargs-unparser": "2.0.0"
      },
      "dependencies": {
        "argparse": {
          "version": "2.0.1",
          "resolved": "https://registry.npm.taobao.org/argparse/download/argparse-2.0.1.tgz",
          "integrity": "sha1-JG9Q88p4oyQPbJl+ipvR6sSeSzg="
        },
        "glob": {
          "version": "7.1.6",
          "resolved": "https://registry.npm.taobao.org/glob/download/glob-7.1.6.tgz",
          "integrity": "sha1-FB8zuBp8JJLhJVlDB0gMRmeSeKY=",
          "requires": {
            "fs.realpath": "^1.0.0",
            "inflight": "^1.0.4",
            "inherits": "2",
            "minimatch": "^3.0.4",
            "once": "^1.3.0",
            "path-is-absolute": "^1.0.0"
          }
        },
        "has-flag": {
          "version": "4.0.0",
          "resolved": "https://registry.npm.taobao.org/has-flag/download/has-flag-4.0.0.tgz",
          "integrity": "sha1-lEdx/ZyByBJlxNaUGGDaBrtZR5s="
        },
        "js-yaml": {
          "version": "4.0.0",
          "resolved": "https://registry.npm.taobao.org/js-yaml/download/js-yaml-4.0.0.tgz?cache=0&sync_timestamp=1609680068452&other_urls=https%3A%2F%2Fregistry.npm.taobao.org%2Fjs-yaml%2Fdownload%2Fjs-yaml-4.0.0.tgz",
          "integrity": "sha1-9Ca8D/S0BRkmzViMcRExg0CaEh8=",
          "requires": {
            "argparse": "^2.0.1"
          }
        },
        "supports-color": {
          "version": "8.1.1",
          "resolved": "https://registry.npm.taobao.org/supports-color/download/supports-color-8.1.1.tgz?cache=0&sync_timestamp=1611394043517&other_urls=https%3A%2F%2Fregistry.npm.taobao.org%2Fsupports-color%2Fdownload%2Fsupports-color-8.1.1.tgz",
          "integrity": "sha1-zW/BfihQDP9WwbhsCn/UpUpzAFw=",
          "requires": {
            "has-flag": "^4.0.0"
          }
        },
        "which": {
          "version": "2.0.2",
          "resolved": "https://registry.npm.taobao.org/which/download/which-2.0.2.tgz?cache=0&other_urls=https%3A%2F%2Fregistry.npm.taobao.org%2Fwhich%2Fdownload%2Fwhich-2.0.2.tgz",
          "integrity": "sha1-fGqN0KY2oDJ+ELWckobu6T8/UbE=",
          "requires": {
            "isexe": "^2.0.0"
          }
        }
      }
    },
    "ms": {
      "version": "2.1.3",
      "resolved": "https://registry.npm.taobao.org/ms/download/ms-2.1.3.tgz?cache=0&sync_timestamp=1607433856030&other_urls=https%3A%2F%2Fregistry.npm.taobao.org%2Fms%2Fdownload%2Fms-2.1.3.tgz",
      "integrity": "sha1-V0yBOM4dK1hh8LRFedut1gxmFbI="
    },
    "nanoid": {
      "version": "3.1.20",
      "resolved": "https://registry.npm.taobao.org/nanoid/download/nanoid-3.1.20.tgz",
      "integrity": "sha1-utwmPGsdzxS3HvqoX2q0wdbPx4g="
    },
    "neo-async": {
      "version": "2.6.2",
      "resolved": "https://registry.npm.taobao.org/neo-async/download/neo-async-2.6.2.tgz",
      "integrity": "sha1-tKr7k+OustgXTKU88WOrfXMIMF8="
    },
    "nopt": {
      "version": "3.0.6",
      "resolved": "https://registry.npm.taobao.org/nopt/download/nopt-3.0.6.tgz",
      "integrity": "sha1-xkZdvwirzU2zWTF/eaxopkayj/k=",
      "requires": {
        "abbrev": "1"
      }
    },
    "normalize-path": {
      "version": "3.0.0",
      "resolved": "https://registry.npm.taobao.org/normalize-path/download/normalize-path-3.0.0.tgz",
      "integrity": "sha1-Dc1p/yOhybEf0JeDFmRKA4ghamU="
    },
    "once": {
      "version": "1.4.0",
      "resolved": "https://registry.npm.taobao.org/once/download/once-1.4.0.tgz",
      "integrity": "sha1-WDsap3WWHUsROsF9nFC6753Xa9E=",
      "requires": {
        "wrappy": "1"
      }
    },
    "optionator": {
      "version": "0.8.3",
      "resolved": "https://registry.npm.taobao.org/optionator/download/optionator-0.8.3.tgz",
      "integrity": "sha1-hPodA2/p08fiHZmIS2ARZ+yPtJU=",
      "requires": {
        "deep-is": "~0.1.3",
        "fast-levenshtein": "~2.0.6",
        "levn": "~0.3.0",
        "prelude-ls": "~1.1.2",
        "type-check": "~0.3.2",
        "word-wrap": "~1.2.3"
      }
    },
    "p-limit": {
      "version": "3.1.0",
      "resolved": "https://registry.npm.taobao.org/p-limit/download/p-limit-3.1.0.tgz?cache=0&sync_timestamp=1606288333421&other_urls=https%3A%2F%2Fregistry.npm.taobao.org%2Fp-limit%2Fdownload%2Fp-limit-3.1.0.tgz",
      "integrity": "sha1-4drMvnjQ0TiMoYxk/qOOPlfjcGs=",
      "requires": {
        "yocto-queue": "^0.1.0"
      }
    },
    "p-locate": {
      "version": "5.0.0",
      "resolved": "https://registry.npm.taobao.org/p-locate/download/p-locate-5.0.0.tgz",
      "integrity": "sha1-g8gxXGeFAF470CGDlBHJ4RDm2DQ=",
      "requires": {
        "p-limit": "^3.0.2"
      }
    },
    "path-exists": {
      "version": "4.0.0",
      "resolved": "https://registry.npm.taobao.org/path-exists/download/path-exists-4.0.0.tgz",
      "integrity": "sha1-UTvb4tO5XXdi6METfvoZXGxhtbM="
    },
    "path-is-absolute": {
      "version": "1.0.1",
      "resolved": "https://registry.npm.taobao.org/path-is-absolute/download/path-is-absolute-1.0.1.tgz",
      "integrity": "sha1-F0uSaHNVNP+8es5r9TpanhtcX18="
    },
    "picomatch": {
      "version": "2.2.2",
      "resolved": "https://registry.npm.taobao.org/picomatch/download/picomatch-2.2.2.tgz",
      "integrity": "sha1-IfMz6ba46v8CRo9RRupAbTRfTa0="
    },
    "prelude-ls": {
      "version": "1.1.2",
      "resolved": "https://registry.npm.taobao.org/prelude-ls/download/prelude-ls-1.1.2.tgz",
      "integrity": "sha1-IZMqVJ9eUv/ZqCf1cOBL5iqX2lQ="
    },
    "randombytes": {
      "version": "2.1.0",
      "resolved": "https://registry.npm.taobao.org/randombytes/download/randombytes-2.1.0.tgz",
      "integrity": "sha1-32+ENy8CcNxlzfYpE0mrekc9Tyo=",
      "requires": {
        "safe-buffer": "^5.1.0"
      }
    },
    "readdirp": {
      "version": "3.5.0",
      "resolved": "https://registry.npm.taobao.org/readdirp/download/readdirp-3.5.0.tgz",
      "integrity": "sha1-m6dMAZsV02UnjS6Ru4xI17TULJ4=",
      "requires": {
        "picomatch": "^2.2.1"
      }
    },
    "require-directory": {
      "version": "2.1.1",
      "resolved": "https://registry.npm.taobao.org/require-directory/download/require-directory-2.1.1.tgz",
      "integrity": "sha1-jGStX9MNqxyXbiNE/+f3kqam30I="
    },
    "resolve": {
      "version": "1.1.7",
      "resolved": "https://registry.npm.taobao.org/resolve/download/resolve-1.1.7.tgz",
      "integrity": "sha1-IDEU2CrSxe2ejgQRs5ModeiJ6Xs="
    },
    "safe-buffer": {
      "version": "5.2.1",
      "resolved": "https://registry.npm.taobao.org/safe-buffer/download/safe-buffer-5.2.1.tgz",
      "integrity": "sha1-Hq+fqb2x/dTsdfWPnNtOa3gn7sY="
    },
    "serialize-javascript": {
      "version": "5.0.1",
      "resolved": "https://registry.npm.taobao.org/serialize-javascript/download/serialize-javascript-5.0.1.tgz",
      "integrity": "sha1-eIbshIBJpGJGepfT2Rjrsqr5NPQ=",
      "requires": {
        "randombytes": "^2.1.0"
      }
    },
    "should": {
      "version": "13.2.3",
      "resolved": "https://registry.npm.taobao.org/should/download/should-13.2.3.tgz",
      "integrity": "sha1-ltjlrPPpe0nYm1H+qlro0H71jxA=",
      "requires": {
        "should-equal": "^2.0.0",
        "should-format": "^3.0.3",
        "should-type": "^1.4.0",
        "should-type-adaptors": "^1.0.1",
        "should-util": "^1.0.0"
      }
    },
    "should-equal": {
      "version": "2.0.0",
      "resolved": "https://registry.npm.taobao.org/should-equal/download/should-equal-2.0.0.tgz",
      "integrity": "sha1-YHLPgwRzYIZ+aOmLCdcRQ9BO4MM=",
      "requires": {
        "should-type": "^1.4.0"
      }
    },
    "should-format": {
      "version": "3.0.3",
      "resolved": "https://registry.npm.taobao.org/should-format/download/should-format-3.0.3.tgz",
      "integrity": "sha1-m/yPdPo5IFxT04w01xcwPidxJPE=",
      "requires": {
        "should-type": "^1.3.0",
        "should-type-adaptors": "^1.0.1"
      }
    },
    "should-type": {
      "version": "1.4.0",
      "resolved": "https://registry.npm.taobao.org/should-type/download/should-type-1.4.0.tgz",
      "integrity": "sha1-B1bYzoRt/QmEOmlHcZ36DUz/XPM="
    },
    "should-type-adaptors": {
      "version": "1.1.0",
      "resolved": "https://registry.npm.taobao.org/should-type-adaptors/download/should-type-adaptors-1.1.0.tgz",
      "integrity": "sha1-QB5/M7VTMDOUTVzYvytlAneS4no=",
      "requires": {
        "should-type": "^1.3.0",
        "should-util": "^1.0.0"
      }
    },
    "should-util": {
      "version": "1.0.1",
      "resolved": "https://registry.npm.taobao.org/should-util/download/should-util-1.0.1.tgz?cache=0&sync_timestamp=1561373492586&other_urls=https%3A%2F%2Fregistry.npm.taobao.org%2Fshould-util%2Fdownload%2Fshould-util-1.0.1.tgz",
      "integrity": "sha1-+w1xM49TKjoUkhNjni0yy+qLyyg="
    },
    "source-map": {
      "version": "0.2.0",
      "resolved": "https://registry.npm.taobao.org/source-map/download/source-map-0.2.0.tgz",
      "integrity": "sha1-2rc/vPwrqBm03gO9b26qSBZLP50=",
      "optional": true,
      "requires": {
        "amdefine": ">=0.0.4"
      }
    },
    "sprintf-js": {
      "version": "1.0.3",
      "resolved": "https://registry.npm.taobao.org/sprintf-js/download/sprintf-js-1.0.3.tgz",
      "integrity": "sha1-BOaSb2YolTVPPdAVIDYzuFcpfiw="
    },
    "string-width": {
      "version": "2.1.1",
      "resolved": "https://registry.npm.taobao.org/string-width/download/string-width-2.1.1.tgz?cache=0&sync_timestamp=1614522217971&other_urls=https%3A%2F%2Fregistry.npm.taobao.org%2Fstring-width%2Fdownload%2Fstring-width-2.1.1.tgz",
      "integrity": "sha1-q5Pyeo3BPSjKyBXEYhQ6bZASrp4=",
      "requires": {
        "is-fullwidth-code-point": "^2.0.0",
        "strip-ansi": "^4.0.0"
      }
    },
    "strip-ansi": {
      "version": "4.0.0",
      "resolved": "https://registry.npm.taobao.org/strip-ansi/download/strip-ansi-4.0.0.tgz",
      "integrity": "sha1-qEeQIusaw2iocTibY1JixQXuNo8=",
      "requires": {
        "ansi-regex": "^3.0.0"
      }
    },
    "strip-json-comments": {
      "version": "3.1.1",
      "resolved": "https://registry.npm.taobao.org/strip-json-comments/download/strip-json-comments-3.1.1.tgz",
      "integrity": "sha1-MfEoGzgyYwQ0gxwxDAHMzajL4AY="
    },
    "supports-color": {
      "version": "3.2.3",
      "resolved": "https://registry.npm.taobao.org/supports-color/download/supports-color-3.2.3.tgz?cache=0&sync_timestamp=1611394043517&other_urls=https%3A%2F%2Fregistry.npm.taobao.org%2Fsupports-color%2Fdownload%2Fsupports-color-3.2.3.tgz",
      "integrity": "sha1-ZawFBLOVQXHYpklGsq48u4pfVPY=",
      "requires": {
        "has-flag": "^1.0.0"
      }
    },
    "to-regex-range": {
      "version": "5.0.1",
      "resolved": "https://registry.npm.taobao.org/to-regex-range/download/to-regex-range-5.0.1.tgz",
      "integrity": "sha1-FkjESq58jZiKMmAY7XL1tN0DkuQ=",
      "requires": {
        "is-number": "^7.0.0"
      }
    },
    "type-check": {
      "version": "0.3.2",
      "resolved": "https://registry.npm.taobao.org/type-check/download/type-check-0.3.2.tgz",
      "integrity": "sha1-WITKtRLPHTVeP7eE8wgEsrUg23I=",
      "requires": {
        "prelude-ls": "~1.1.2"
      }
    },
    "uglify-js": {
      "version": "3.13.3",
      "resolved": "https://registry.npm.taobao.org/uglify-js/download/uglify-js-3.13.3.tgz",
      "integrity": "sha1-znKhrRVDSOoq9h9Qkzx2zIgCJ24=",
      "optional": true
    },
    "which": {
      "version": "1.3.1",
      "resolved": "https://registry.npm.taobao.org/which/download/which-1.3.1.tgz?cache=0&other_urls=https%3A%2F%2Fregistry.npm.taobao.org%2Fwhich%2Fdownload%2Fwhich-1.3.1.tgz",
      "integrity": "sha1-pFBD1U9YBTFtqNYvn1CRjT2nCwo=",
      "requires": {
        "isexe": "^2.0.0"
      }
    },
    "wide-align": {
      "version": "1.1.3",
      "resolved": "https://registry.npm.taobao.org/wide-align/download/wide-align-1.1.3.tgz",
      "integrity": "sha1-rgdOa9wMFKQx6ATmJFScYzsABFc=",
      "requires": {
        "string-width": "^1.0.2 || 2"
      }
    },
    "word-wrap": {
      "version": "1.2.3",
      "resolved": "https://registry.npm.taobao.org/word-wrap/download/word-wrap-1.2.3.tgz",
      "integrity": "sha1-YQY29rH3A4kb00dxzLF/uTtHB5w="
    },
    "wordwrap": {
      "version": "1.0.0",
      "resolved": "https://registry.npm.taobao.org/wordwrap/download/wordwrap-1.0.0.tgz",
      "integrity": "sha1-J1hIEIkUVqQXHI0CJkQa3pDLyus="
    },
    "workerpool": {
      "version": "6.1.0",
      "resolved": "https://registry.npm.taobao.org/workerpool/download/workerpool-6.1.0.tgz",
      "integrity": "sha1-qOA4tMlFaVloUt56jqQiju/es3s="
    },
    "wrap-ansi": {
      "version": "7.0.0",
      "resolved": "https://registry.npm.taobao.org/wrap-ansi/download/wrap-ansi-7.0.0.tgz",
      "integrity": "sha1-Z+FFz/UQpqaYS98RUpEdadLrnkM=",
      "requires": {
        "ansi-styles": "^4.0.0",
        "string-width": "^4.1.0",
        "strip-ansi": "^6.0.0"
      },
      "dependencies": {
        "ansi-regex": {
          "version": "5.0.0",
          "resolved": "https://registry.npm.taobao.org/ansi-regex/download/ansi-regex-5.0.0.tgz",
          "integrity": "sha1-OIU59VF5vzkznIGvMKZU1p+Hy3U="
        },
        "is-fullwidth-code-point": {
          "version": "3.0.0",
          "resolved": "https://registry.npm.taobao.org/is-fullwidth-code-point/download/is-fullwidth-code-point-3.0.0.tgz",
          "integrity": "sha1-8Rb4Bk/pCz94RKOJl8C3UFEmnx0="
        },
        "string-width": {
          "version": "4.2.2",
          "resolved": "https://registry.npm.taobao.org/string-width/download/string-width-4.2.2.tgz?cache=0&sync_timestamp=1614522217971&other_urls=https%3A%2F%2Fregistry.npm.taobao.org%2Fstring-width%2Fdownload%2Fstring-width-4.2.2.tgz",
          "integrity": "sha1-2v1PlVmnWFz7pSnGoKT3NIjr1MU=",
          "requires": {
            "emoji-regex": "^8.0.0",
            "is-fullwidth-code-point": "^3.0.0",
            "strip-ansi": "^6.0.0"
          }
        },
        "strip-ansi": {
          "version": "6.0.0",
          "resolved": "https://registry.npm.taobao.org/strip-ansi/download/strip-ansi-6.0.0.tgz",
          "integrity": "sha1-CxVx3XZpzNTz4G4U7x7tJiJa5TI=",
          "requires": {
            "ansi-regex": "^5.0.0"
          }
        }
      }
    },
    "wrappy": {
      "version": "1.0.2",
      "resolved": "https://registry.npm.taobao.org/wrappy/download/wrappy-1.0.2.tgz",
      "integrity": "sha1-tSQ9jz7BqjXxNkYFvA0QNuMKtp8="
    },
    "y18n": {
      "version": "5.0.7",
      "resolved": "https://registry.npm.taobao.org/y18n/download/y18n-5.0.7.tgz?cache=0&sync_timestamp=1617760276111&other_urls=https%3A%2F%2Fregistry.npm.taobao.org%2Fy18n%2Fdownload%2Fy18n-5.0.7.tgz",
      "integrity": "sha1-DFFKulP8QOLbkRrri1FWajN07+c="
    },
    "yargs": {
      "version": "16.2.0",
      "resolved": "https://registry.npm.taobao.org/yargs/download/yargs-16.2.0.tgz?cache=0&sync_timestamp=1617506387371&other_urls=https%3A%2F%2Fregistry.npm.taobao.org%2Fyargs%2Fdownload%2Fyargs-16.2.0.tgz",
      "integrity": "sha1-HIK/D2tqZur85+8w43b0mhJHf2Y=",
      "requires": {
        "cliui": "^7.0.2",
        "escalade": "^3.1.1",
        "get-caller-file": "^2.0.5",
        "require-directory": "^2.1.1",
        "string-width": "^4.2.0",
        "y18n": "^5.0.5",
        "yargs-parser": "^20.2.2"
      },
      "dependencies": {
        "ansi-regex": {
          "version": "5.0.0",
          "resolved": "https://registry.npm.taobao.org/ansi-regex/download/ansi-regex-5.0.0.tgz",
          "integrity": "sha1-OIU59VF5vzkznIGvMKZU1p+Hy3U="
        },
        "is-fullwidth-code-point": {
          "version": "3.0.0",
          "resolved": "https://registry.npm.taobao.org/is-fullwidth-code-point/download/is-fullwidth-code-point-3.0.0.tgz",
          "integrity": "sha1-8Rb4Bk/pCz94RKOJl8C3UFEmnx0="
        },
        "string-width": {
          "version": "4.2.2",
          "resolved": "https://registry.npm.taobao.org/string-width/download/string-width-4.2.2.tgz?cache=0&sync_timestamp=1614522217971&other_urls=https%3A%2F%2Fregistry.npm.taobao.org%2Fstring-width%2Fdownload%2Fstring-width-4.2.2.tgz",
          "integrity": "sha1-2v1PlVmnWFz7pSnGoKT3NIjr1MU=",
          "requires": {
            "emoji-regex": "^8.0.0",
            "is-fullwidth-code-point": "^3.0.0",
            "strip-ansi": "^6.0.0"
          }
        },
        "strip-ansi": {
          "version": "6.0.0",
          "resolved": "https://registry.npm.taobao.org/strip-ansi/download/strip-ansi-6.0.0.tgz",
          "integrity": "sha1-CxVx3XZpzNTz4G4U7x7tJiJa5TI=",
          "requires": {
            "ansi-regex": "^5.0.0"
          }
        }
      }
    },
    "yargs-parser": {
      "version": "20.2.4",
      "resolved": "https://registry.npm.taobao.org/yargs-parser/download/yargs-parser-20.2.4.tgz",
      "integrity": "sha1-tCiQ8UVmeW+Fro46JSkNIF8VSlQ="
    },
    "yargs-unparser": {
      "version": "2.0.0",
      "resolved": "https://registry.npm.taobao.org/yargs-unparser/download/yargs-unparser-2.0.0.tgz",
      "integrity": "sha1-8TH5ImkRrl2a04xDL+gJNmwjJes=",
      "requires": {
        "camelcase": "^6.0.0",
        "decamelize": "^4.0.0",
        "flat": "^5.0.2",
        "is-plain-obj": "^2.1.0"
      }
    },
    "yocto-queue": {
      "version": "0.1.0",
      "resolved": "https://registry.npm.taobao.org/yocto-queue/download/yocto-queue-0.1.0.tgz?cache=0&sync_timestamp=1606288334406&other_urls=https%3A%2F%2Fregistry.npm.taobao.org%2Fyocto-queue%2Fdownload%2Fyocto-queue-0.1.0.tgz",
      "integrity": "sha1-ApTrPe4FAo0x7hpfosVWpqrxChs="
    }
  }
}
